
Microsoft Visual Studio Solution File, Format Version 12.00
# Visual Studio Version 17
VisualStudioVersion = 17.2.32630.192
MinimumVisualStudioVersion = 10.0.40219.1
Project("{9A19103F-16F7-4668-BE54-9A1E7A4F7556}") = "MovieShopMVC", "MovieShopMVC\MovieShopMVC.csproj", "{3D95ACAE-4D5C-43EF-B168-57BF8DFF5A71}"
EndProject
Project("{9A19103F-16F7-4668-BE54-9A1E7A4F7556}") = "ApplicationCore", "ApplicationCore\ApplicationCore.csproj", "{E7E80F65-C298-4D42-B1D4-7759579F03E9}"
EndProject
Project("{9A19103F-16F7-4668-BE54-9A1E7A4F7556}") = "Infrastructure", "Infrastructure\Infrastructure.csproj", "{29CA0F1A-3677-4355-A041-DB7BE931DFF5}"
EndProject
Project("{FAE04EC0-301F-11D3-BF4B-00C04F79EFBC}") = "MovieShopAPI", "MovieShopAPI\MovieShopAPI.csproj", "{0968473D-D996-412F-B967-EEB393BB2713}"
EndProject
Global
	GlobalSection(SolutionConfigurationPlatforms) = preSolution
		Debug|Any CPU = Debug|Any CPU
		Release|Any CPU = Release|Any CPU
	EndGlobalSection
	GlobalSection(ProjectConfigurationPlatforms) = postSolution
		{3D95ACAE-4D5C-43EF-B168-57BF8DFF5A71}.Debug|Any CPU.ActiveCfg = Debug|Any CPU
		{3D95ACAE-4D5C-43EF-B168-57BF8DFF5A71}.Debug|Any CPU.Build.0 = Debug|Any CPU
		{3D95ACAE-4D5C-43EF-B168-57BF8DFF5A71}.Release|Any CPU.ActiveCfg = Release|Any CPU
		{3D95ACAE-4D5C-43EF-B168-57BF8DFF5A71}.Release|Any CPU.Build.0 = Release|Any CPU
		{E7E80F65-C298-4D42-B1D4-7759579F03E9}.Debug|Any CPU.ActiveCfg = Debug|Any CPU
		{E7E80F65-C298-4D42-B1D4-7759579F03E9}.Debug|Any CPU.Build.0 = Debug|Any CPU
		{E7E80F65-C298-4D42-B1D4-7759579F03E9}.Release|Any CPU.ActiveCfg = Release|Any CPU
		{E7E80F65-C298-4D42-B1D4-7759579F03E9}.Release|Any CPU.Build.0 = Release|Any CPU
		{29CA0F1A-3677-4355-A041-DB7BE931DFF5}.Debug|Any CPU.ActiveCfg = Debug|Any CPU
		{29CA0F1A-3677-4355-A041-DB7BE931DFF5}.Debug|Any CPU.Build.0 = Debug|Any CPU
		{29CA0F1A-3677-4355-A041-DB7BE931DFF5}.Release|Any CPU.ActiveCfg = Release|Any CPU
		{29CA0F1A-3677-4355-A041-DB7BE931DFF5}.Release|Any CPU.Build.0 = Release|Any CPU
		{0968473D-D996-412F-B967-EEB393BB2713}.Debug|Any CPU.ActiveCfg = Debug|Any CPU
		{0968473D-D996-412F-B967-EEB393BB2713}.Debug|Any CPU.Build.0 = Debug|Any CPU
		{0968473D-D996-412F-B967-EEB393BB2713}.Release|Any CPU.ActiveCfg = Release|Any CPU
		{0968473D-D996-412F-B967-EEB393BB2713}.Release|Any CPU.Build.0 = Release|Any CPU
	EndGlobalSection
	GlobalSection(SolutionProperties) = preSolution
		HideSolutionNode = FALSE
	EndGlobalSection
	GlobalSection(ExtensibilityGlobals) = postSolution
		SolutionGuid = {AFABF55E-C77A-4E13-AF75-29270E250B91}
	EndGlobalSection
EndGlobal
